
Microsoft Visual Studio Solution File, Format Version 12.00
# Visual Studio Version 17
VisualStudioVersion = 17.6.33712.159
MinimumVisualStudioVersion = 10.0.40219.1
Project("{2150E333-8FDC-42A3-9474-1A3956D46DE8}") = "Day1", "Day1", "{911335DC-6394-4145-9C02-9448208701C6}"
EndProject
Project("{2150E333-8FDC-42A3-9474-1A3956D46DE8}") = "Task1", "Task1", "{D517999A-7A49-4150-99B7-2CEEE9A0FF4C}"
EndProject
Project("{2150E333-8FDC-42A3-9474-1A3956D46DE8}") = "Task2", "Task2", "{400FE3D3-9CC1-4F76-BB0B-92CEE1C0F936}"
EndProject
Project("{9A19103F-16F7-4668-BE54-9A1E7A4F7556}") = "Task1", "Day1\Task1\Task1.csproj", "{0F097F48-2BA8-428A-805C-0E2390789D3C}"
EndProject
Project("{9A19103F-16F7-4668-BE54-9A1E7A4F7556}") = "Task2", "Day1\Task2\Task2.csproj", "{4B5F29EA-F008-4567-BAE0-6278671D4007}"
EndProject
Project("{2150E333-8FDC-42A3-9474-1A3956D46DE8}") = "Day2", "Day2", "{8E0B0AD7-B243-4D75-984E-1DAF32117233}"
EndProject
Project("{2150E333-8FDC-42A3-9474-1A3956D46DE8}") = "Day3", "Day3", "{24321BDF-12A6-49F1-AE47-41C84601DB9C}"
EndProject
Project("{2150E333-8FDC-42A3-9474-1A3956D46DE8}") = "Day4", "Day4", "{EA466F84-28A7-46F5-9281-B64211D0E02E}"
EndProject
Project("{2150E333-8FDC-42A3-9474-1A3956D46DE8}") = "Day5", "Day5", "{0AC82FAE-66D8-4729-8A70-790B8D416674}"
EndProject
Global
	GlobalSection(SolutionConfigurationPlatforms) = preSolution
		Debug|Any CPU = Debug|Any CPU
		Release|Any CPU = Release|Any CPU
	EndGlobalSection
	GlobalSection(ProjectConfigurationPlatforms) = postSolution
		{0F097F48-2BA8-428A-805C-0E2390789D3C}.Debug|Any CPU.ActiveCfg = Debug|Any CPU
		{0F097F48-2BA8-428A-805C-0E2390789D3C}.Debug|Any CPU.Build.0 = Debug|Any CPU
		{0F097F48-2BA8-428A-805C-0E2390789D3C}.Release|Any CPU.ActiveCfg = Release|Any CPU
		{0F097F48-2BA8-428A-805C-0E2390789D3C}.Release|Any CPU.Build.0 = Release|Any CPU
		{4B5F29EA-F008-4567-BAE0-6278671D4007}.Debug|Any CPU.ActiveCfg = Debug|Any CPU
		{4B5F29EA-F008-4567-BAE0-6278671D4007}.Debug|Any CPU.Build.0 = Debug|Any CPU
		{4B5F29EA-F008-4567-BAE0-6278671D4007}.Release|Any CPU.ActiveCfg = Release|Any CPU
		{4B5F29EA-F008-4567-BAE0-6278671D4007}.Release|Any CPU.Build.0 = Release|Any CPU
	EndGlobalSection
	GlobalSection(SolutionProperties) = preSolution
		HideSolutionNode = FALSE
	EndGlobalSection
	GlobalSection(NestedProjects) = preSolution
		{D517999A-7A49-4150-99B7-2CEEE9A0FF4C} = {911335DC-6394-4145-9C02-9448208701C6}
		{400FE3D3-9CC1-4F76-BB0B-92CEE1C0F936} = {911335DC-6394-4145-9C02-9448208701C6}
		{0F097F48-2BA8-428A-805C-0E2390789D3C} = {D517999A-7A49-4150-99B7-2CEEE9A0FF4C}
		{4B5F29EA-F008-4567-BAE0-6278671D4007} = {400FE3D3-9CC1-4F76-BB0B-92CEE1C0F936}
	EndGlobalSection
	GlobalSection(ExtensibilityGlobals) = postSolution
		SolutionGuid = {7038B03A-9F0C-475B-A6D2-A39126AC0EEA}
	EndGlobalSection
EndGlobal
