
Microsoft Visual Studio Solution File, Format Version 12.00
# Visual Studio Version 17
VisualStudioVersion = 17.6.33712.159
MinimumVisualStudioVersion = 10.0.40219.1
Project("{2150E333-8FDC-42A3-9474-1A3956D46DE8}") = "Day1", "Day1", "{911335DC-6394-4145-9C02-9448208701C6}"
EndProject
Project("{2150E333-8FDC-42A3-9474-1A3956D46DE8}") = "Task1", "Task1", "{D517999A-7A49-4150-99B7-2CEEE9A0FF4C}"
EndProject
Project("{2150E333-8FDC-42A3-9474-1A3956D46DE8}") = "Task2", "Task2", "{400FE3D3-9CC1-4F76-BB0B-92CEE1C0F936}"
EndProject
Project("{9A19103F-16F7-4668-BE54-9A1E7A4F7556}") = "Task1", "Day1\Task1\Task1.csproj", "{0F097F48-2BA8-428A-805C-0E2390789D3C}"
EndProject
Project("{9A19103F-16F7-4668-BE54-9A1E7A4F7556}") = "Task2", "Day1\Task2\Task2.csproj", "{4B5F29EA-F008-4567-BAE0-6278671D4007}"
EndProject
Project("{2150E333-8FDC-42A3-9474-1A3956D46DE8}") = "Day2", "Day2", "{8E0B0AD7-B243-4D75-984E-1DAF32117233}"
EndProject
Project("{2150E333-8FDC-42A3-9474-1A3956D46DE8}") = "Day3", "Day3", "{24321BDF-12A6-49F1-AE47-41C84601DB9C}"
EndProject
Project("{2150E333-8FDC-42A3-9474-1A3956D46DE8}") = "MemoryTest", "MemoryTest", "{00A936CA-BAF7-4BDA-800D-B206894710D8}"
EndProject
Project("{9A19103F-16F7-4668-BE54-9A1E7A4F7556}") = "MemoryTest", "Day2\MemoryTest\MemoryTest.csproj", "{914F0370-C5AF-4A51-9474-13C8F41881BB}"
EndProject
Project("{2150E333-8FDC-42A3-9474-1A3956D46DE8}") = "BoxingAndUnboxingTask", "BoxingAndUnboxingTask", "{B4240D09-FCD0-42DE-B0EC-3F215D55337F}"
EndProject
Project("{9A19103F-16F7-4668-BE54-9A1E7A4F7556}") = "BoxingAndUnboxingTask", "Day2\BoxingAndUnboxingTask\BoxingAndUnboxingTask.csproj", "{34A575A8-9E76-4D96-B77C-AA21FEED557E}"
EndProject
Project("{2150E333-8FDC-42A3-9474-1A3956D46DE8}") = "Day4", "Day4", "{D4030E80-D607-4A97-AC1E-37582C0B2A16}"
EndProject
Project("{2150E333-8FDC-42A3-9474-1A3956D46DE8}") = "ManagedUnmanaged", "ManagedUnmanaged", "{77FF2F42-51B9-4779-9A71-7CA81023ABE4}"
EndProject
Project("{9A19103F-16F7-4668-BE54-9A1E7A4F7556}") = "ManagedUnmanaged", "Day3\ManagedUnmanaged\ManagedUnmanaged.csproj", "{3B305D0B-5160-4F51-B571-798BB474C837}"
EndProject
Project("{2150E333-8FDC-42A3-9474-1A3956D46DE8}") = "Store", "Store", "{A241FF7D-1C42-4273-9F19-F7000C41B71F}"
EndProject
Project("{9A19103F-16F7-4668-BE54-9A1E7A4F7556}") = "Store", "Day4\Store\Store.csproj", "{03EDC382-BC29-4E98-9BDC-3DD65C6B335F}"
EndProject
Project("{2150E333-8FDC-42A3-9474-1A3956D46DE8}") = "Day5", "Day5", "{48F2087B-300D-4F1C-B8E2-F6C7624CD49F}"
EndProject
Project("{2150E333-8FDC-42A3-9474-1A3956D46DE8}") = "Day5HomeWork", "Day5HomeWork", "{C55DA9ED-0110-458B-A9E7-0BEE3E110294}"
EndProject
Project("{9A19103F-16F7-4668-BE54-9A1E7A4F7556}") = "Day5HomeWork", "Day5\Day5HomeWork\Day5HomeWork.csproj", "{9685EBF7-B012-400D-BB1A-FF73BDB67DD4}"
EndProject
Project("{2150E333-8FDC-42A3-9474-1A3956D46DE8}") = "Queue", "Queue", "{F2A69892-D8DE-467C-B43F-79E3C51E1415}"
EndProject
Project("{FAE04EC0-301F-11D3-BF4B-00C04F79EFBC}") = "Queue", "Day5\Queue\Queue\Queue.csproj", "{B92160F7-C036-4609-90C6-136C726112D4}"
EndProject
Project("{2150E333-8FDC-42A3-9474-1A3956D46DE8}") = "Day6", "Day6", "{8B92CB82-8A98-430F-8117-3AE8CF148D53}"
EndProject
Project("{FAE04EC0-301F-11D3-BF4B-00C04F79EFBC}") = "LINQExamples", "Day6\LINQExamples\LINQExamples.csproj", "{2A6CAC0D-F8D5-4284-8AA8-C381C13F29D9}"
EndProject
Global
	GlobalSection(SolutionConfigurationPlatforms) = preSolution
		Debug|Any CPU = Debug|Any CPU
		Release|Any CPU = Release|Any CPU
	EndGlobalSection
	GlobalSection(ProjectConfigurationPlatforms) = postSolution
		{0F097F48-2BA8-428A-805C-0E2390789D3C}.Debug|Any CPU.ActiveCfg = Debug|Any CPU
		{0F097F48-2BA8-428A-805C-0E2390789D3C}.Debug|Any CPU.Build.0 = Debug|Any CPU
		{0F097F48-2BA8-428A-805C-0E2390789D3C}.Release|Any CPU.ActiveCfg = Release|Any CPU
		{0F097F48-2BA8-428A-805C-0E2390789D3C}.Release|Any CPU.Build.0 = Release|Any CPU
		{4B5F29EA-F008-4567-BAE0-6278671D4007}.Debug|Any CPU.ActiveCfg = Debug|Any CPU
		{4B5F29EA-F008-4567-BAE0-6278671D4007}.Debug|Any CPU.Build.0 = Debug|Any CPU
		{4B5F29EA-F008-4567-BAE0-6278671D4007}.Release|Any CPU.ActiveCfg = Release|Any CPU
		{4B5F29EA-F008-4567-BAE0-6278671D4007}.Release|Any CPU.Build.0 = Release|Any CPU
		{914F0370-C5AF-4A51-9474-13C8F41881BB}.Debug|Any CPU.ActiveCfg = Debug|Any CPU
		{914F0370-C5AF-4A51-9474-13C8F41881BB}.Debug|Any CPU.Build.0 = Debug|Any CPU
		{914F0370-C5AF-4A51-9474-13C8F41881BB}.Release|Any CPU.ActiveCfg = Release|Any CPU
		{914F0370-C5AF-4A51-9474-13C8F41881BB}.Release|Any CPU.Build.0 = Release|Any CPU
		{34A575A8-9E76-4D96-B77C-AA21FEED557E}.Debug|Any CPU.ActiveCfg = Debug|Any CPU
		{34A575A8-9E76-4D96-B77C-AA21FEED557E}.Debug|Any CPU.Build.0 = Debug|Any CPU
		{34A575A8-9E76-4D96-B77C-AA21FEED557E}.Release|Any CPU.ActiveCfg = Release|Any CPU
		{34A575A8-9E76-4D96-B77C-AA21FEED557E}.Release|Any CPU.Build.0 = Release|Any CPU
		{3B305D0B-5160-4F51-B571-798BB474C837}.Debug|Any CPU.ActiveCfg = Debug|Any CPU
		{3B305D0B-5160-4F51-B571-798BB474C837}.Debug|Any CPU.Build.0 = Debug|Any CPU
		{3B305D0B-5160-4F51-B571-798BB474C837}.Release|Any CPU.ActiveCfg = Release|Any CPU
		{3B305D0B-5160-4F51-B571-798BB474C837}.Release|Any CPU.Build.0 = Release|Any CPU
		{03EDC382-BC29-4E98-9BDC-3DD65C6B335F}.Debug|Any CPU.ActiveCfg = Debug|Any CPU
		{03EDC382-BC29-4E98-9BDC-3DD65C6B335F}.Debug|Any CPU.Build.0 = Debug|Any CPU
		{03EDC382-BC29-4E98-9BDC-3DD65C6B335F}.Release|Any CPU.ActiveCfg = Release|Any CPU
		{03EDC382-BC29-4E98-9BDC-3DD65C6B335F}.Release|Any CPU.Build.0 = Release|Any CPU
		{9685EBF7-B012-400D-BB1A-FF73BDB67DD4}.Debug|Any CPU.ActiveCfg = Debug|Any CPU
		{9685EBF7-B012-400D-BB1A-FF73BDB67DD4}.Debug|Any CPU.Build.0 = Debug|Any CPU
		{9685EBF7-B012-400D-BB1A-FF73BDB67DD4}.Release|Any CPU.ActiveCfg = Release|Any CPU
		{9685EBF7-B012-400D-BB1A-FF73BDB67DD4}.Release|Any CPU.Build.0 = Release|Any CPU
		{B92160F7-C036-4609-90C6-136C726112D4}.Debug|Any CPU.ActiveCfg = Debug|Any CPU
		{B92160F7-C036-4609-90C6-136C726112D4}.Debug|Any CPU.Build.0 = Debug|Any CPU
		{B92160F7-C036-4609-90C6-136C726112D4}.Release|Any CPU.ActiveCfg = Release|Any CPU
		{B92160F7-C036-4609-90C6-136C726112D4}.Release|Any CPU.Build.0 = Release|Any CPU
		{2A6CAC0D-F8D5-4284-8AA8-C381C13F29D9}.Debug|Any CPU.ActiveCfg = Debug|Any CPU
		{2A6CAC0D-F8D5-4284-8AA8-C381C13F29D9}.Debug|Any CPU.Build.0 = Debug|Any CPU
		{2A6CAC0D-F8D5-4284-8AA8-C381C13F29D9}.Release|Any CPU.ActiveCfg = Release|Any CPU
		{2A6CAC0D-F8D5-4284-8AA8-C381C13F29D9}.Release|Any CPU.Build.0 = Release|Any CPU
	EndGlobalSection
	GlobalSection(SolutionProperties) = preSolution
		HideSolutionNode = FALSE
	EndGlobalSection
	GlobalSection(NestedProjects) = preSolution
		{D517999A-7A49-4150-99B7-2CEEE9A0FF4C} = {911335DC-6394-4145-9C02-9448208701C6}
		{400FE3D3-9CC1-4F76-BB0B-92CEE1C0F936} = {911335DC-6394-4145-9C02-9448208701C6}
		{0F097F48-2BA8-428A-805C-0E2390789D3C} = {D517999A-7A49-4150-99B7-2CEEE9A0FF4C}
		{4B5F29EA-F008-4567-BAE0-6278671D4007} = {400FE3D3-9CC1-4F76-BB0B-92CEE1C0F936}
		{00A936CA-BAF7-4BDA-800D-B206894710D8} = {8E0B0AD7-B243-4D75-984E-1DAF32117233}
		{914F0370-C5AF-4A51-9474-13C8F41881BB} = {00A936CA-BAF7-4BDA-800D-B206894710D8}
		{B4240D09-FCD0-42DE-B0EC-3F215D55337F} = {8E0B0AD7-B243-4D75-984E-1DAF32117233}
		{34A575A8-9E76-4D96-B77C-AA21FEED557E} = {B4240D09-FCD0-42DE-B0EC-3F215D55337F}
		{77FF2F42-51B9-4779-9A71-7CA81023ABE4} = {24321BDF-12A6-49F1-AE47-41C84601DB9C}
		{3B305D0B-5160-4F51-B571-798BB474C837} = {77FF2F42-51B9-4779-9A71-7CA81023ABE4}
		{A241FF7D-1C42-4273-9F19-F7000C41B71F} = {D4030E80-D607-4A97-AC1E-37582C0B2A16}
		{03EDC382-BC29-4E98-9BDC-3DD65C6B335F} = {A241FF7D-1C42-4273-9F19-F7000C41B71F}
		{C55DA9ED-0110-458B-A9E7-0BEE3E110294} = {48F2087B-300D-4F1C-B8E2-F6C7624CD49F}
		{9685EBF7-B012-400D-BB1A-FF73BDB67DD4} = {C55DA9ED-0110-458B-A9E7-0BEE3E110294}
		{F2A69892-D8DE-467C-B43F-79E3C51E1415} = {48F2087B-300D-4F1C-B8E2-F6C7624CD49F}
		{B92160F7-C036-4609-90C6-136C726112D4} = {F2A69892-D8DE-467C-B43F-79E3C51E1415}
		{2A6CAC0D-F8D5-4284-8AA8-C381C13F29D9} = {8B92CB82-8A98-430F-8117-3AE8CF148D53}
	EndGlobalSection
	GlobalSection(ExtensibilityGlobals) = postSolution
		SolutionGuid = {7038B03A-9F0C-475B-A6D2-A39126AC0EEA}
	EndGlobalSection
EndGlobal
