
Microsoft Visual Studio Solution File, Format Version 12.00
# Visual Studio Version 17
VisualStudioVersion = 17.6.33712.159
MinimumVisualStudioVersion = 10.0.40219.1
Project("{FAE04EC0-301F-11D3-BF4B-00C04F79EFBC}") = "Task2", "Task2\Task2.csproj", "{CE919E73-AA32-45C0-A5B9-955F62E0387E}"
EndProject
Project("{FAE04EC0-301F-11D3-BF4B-00C04F79EFBC}") = "Task1", "Task1\Task1.csproj", "{3937AE36-CDEE-4188-BB63-7010E5D6B12A}"
EndProject
Global
	GlobalSection(SolutionConfigurationPlatforms) = preSolution
		Debug|Any CPU = Debug|Any CPU
		Release|Any CPU = Release|Any CPU
	EndGlobalSection
	GlobalSection(ProjectConfigurationPlatforms) = postSolution
		{CE919E73-AA32-45C0-A5B9-955F62E0387E}.Debug|Any CPU.ActiveCfg = Debug|Any CPU
		{CE919E73-AA32-45C0-A5B9-955F62E0387E}.Debug|Any CPU.Build.0 = Debug|Any CPU
		{CE919E73-AA32-45C0-A5B9-955F62E0387E}.Release|Any CPU.ActiveCfg = Release|Any CPU
		{CE919E73-AA32-45C0-A5B9-955F62E0387E}.Release|Any CPU.Build.0 = Release|Any CPU
		{3937AE36-CDEE-4188-BB63-7010E5D6B12A}.Debug|Any CPU.ActiveCfg = Debug|Any CPU
		{3937AE36-CDEE-4188-BB63-7010E5D6B12A}.Debug|Any CPU.Build.0 = Debug|Any CPU
		{3937AE36-CDEE-4188-BB63-7010E5D6B12A}.Release|Any CPU.ActiveCfg = Release|Any CPU
		{3937AE36-CDEE-4188-BB63-7010E5D6B12A}.Release|Any CPU.Build.0 = Release|Any CPU
	EndGlobalSection
	GlobalSection(SolutionProperties) = preSolution
		HideSolutionNode = FALSE
	EndGlobalSection
	GlobalSection(ExtensibilityGlobals) = postSolution
		SolutionGuid = {7038B03A-9F0C-475B-A6D2-A39126AC0EEA}
	EndGlobalSection
EndGlobal
